
Microsoft Visual Studio Solution File, Format Version 12.00
# Visual Studio Version 17
VisualStudioVersion = 17.3.32922.545
MinimumVisualStudioVersion = 10.0.40219.1
Project("{9A19103F-16F7-4668-BE54-9A1E7A4F7556}") = "Homework_01_10_22_week5", "HTTP_server\Homework_01_10_22_week5.csproj", "{61003A78-45AF-47EB-801F-7BDAEFEB496C}"
EndProject
Global
	GlobalSection(SolutionConfigurationPlatforms) = preSolution
		Debug|Any CPU = Debug|Any CPU
		Release|Any CPU = Release|Any CPU
	EndGlobalSection
	GlobalSection(ProjectConfigurationPlatforms) = postSolution
		{61003A78-45AF-47EB-801F-7BDAEFEB496C}.Debug|Any CPU.ActiveCfg = Debug|Any CPU
		{61003A78-45AF-47EB-801F-7BDAEFEB496C}.Debug|Any CPU.Build.0 = Debug|Any CPU
		{61003A78-45AF-47EB-801F-7BDAEFEB496C}.Release|Any CPU.ActiveCfg = Release|Any CPU
		{61003A78-45AF-47EB-801F-7BDAEFEB496C}.Release|Any CPU.Build.0 = Release|Any CPU
	EndGlobalSection
	GlobalSection(SolutionProperties) = preSolution
		HideSolutionNode = FALSE
	EndGlobalSection
	GlobalSection(ExtensibilityGlobals) = postSolution
		SolutionGuid = {6B85FDF0-D44C-4A59-8063-96C9ED6A9544}
	EndGlobalSection
EndGlobal
